
Microsoft Visual Studio Solution File, Format Version 12.00
# Visual Studio Version 16
VisualStudioVersion = 16.0.31424.327
MinimumVisualStudioVersion = 10.0.40219.1
Project("{FAE04EC0-301F-11D3-BF4B-00C04F79EFBC}") = "Week12Lab1", "Week12Lab1\Week12Lab1.csproj", "{104D6C5F-6C70-4166-8971-D420BE91D022}"
EndProject
Global
	GlobalSection(SolutionConfigurationPlatforms) = preSolution
		Debug|Any CPU = Debug|Any CPU
		Release|Any CPU = Release|Any CPU
	EndGlobalSection
	GlobalSection(ProjectConfigurationPlatforms) = postSolution
		{104D6C5F-6C70-4166-8971-D420BE91D022}.Debug|Any CPU.ActiveCfg = Debug|Any CPU
		{104D6C5F-6C70-4166-8971-D420BE91D022}.Debug|Any CPU.Build.0 = Debug|Any CPU
		{104D6C5F-6C70-4166-8971-D420BE91D022}.Release|Any CPU.ActiveCfg = Release|Any CPU
		{104D6C5F-6C70-4166-8971-D420BE91D022}.Release|Any CPU.Build.0 = Release|Any CPU
	EndGlobalSection
	GlobalSection(SolutionProperties) = preSolution
		HideSolutionNode = FALSE
	EndGlobalSection
	GlobalSection(ExtensibilityGlobals) = postSolution
		SolutionGuid = {2099E39E-DBB5-46F6-93DB-FFEB70E5CDE9}
	EndGlobalSection
EndGlobal
